
Microsoft Visual Studio Solution File, Format Version 12.00
# Visual Studio Version 17
VisualStudioVersion = 17.10.34916.146
MinimumVisualStudioVersion = 10.0.40219.1
Project("{FAE04EC0-301F-11D3-BF4B-00C04F79EFBC}") = "MVCHotelManagement1.0", "MVCHotelManagement1.0\MVCHotelManagement1.0.csproj", "{576DC81C-24AB-4C6F-801F-01F97ACD976F}"
EndProject
Global
	GlobalSection(SolutionConfigurationPlatforms) = preSolution
		Debug|Any CPU = Debug|Any CPU
		Release|Any CPU = Release|Any CPU
	EndGlobalSection
	GlobalSection(ProjectConfigurationPlatforms) = postSolution
		{576DC81C-24AB-4C6F-801F-01F97ACD976F}.Debug|Any CPU.ActiveCfg = Debug|Any CPU
		{576DC81C-24AB-4C6F-801F-01F97ACD976F}.Debug|Any CPU.Build.0 = Debug|Any CPU
		{576DC81C-24AB-4C6F-801F-01F97ACD976F}.Release|Any CPU.ActiveCfg = Release|Any CPU
		{576DC81C-24AB-4C6F-801F-01F97ACD976F}.Release|Any CPU.Build.0 = Release|Any CPU
	EndGlobalSection
	GlobalSection(SolutionProperties) = preSolution
		HideSolutionNode = FALSE
	EndGlobalSection
	GlobalSection(ExtensibilityGlobals) = postSolution
		SolutionGuid = {AFC1211F-6B1C-4046-8C11-2E7BEAE83003}
	EndGlobalSection
EndGlobal
